
Microsoft Visual Studio Solution File, Format Version 12.00
# Visual Studio Version 16
VisualStudioVersion = 16.0.31402.337
MinimumVisualStudioVersion = 10.0.40219.1
Project("{FAE04EC0-301F-11D3-BF4B-00C04F79EFBC}") = "WebApplication1", "WebApplication1\WebApplication1.csproj", "{530B9653-CBF1-4773-B3A9-711E5EE81DB0}"
EndProject
Project("{FAE04EC0-301F-11D3-BF4B-00C04F79EFBC}") = "TestProject1", "TestProject1\TestProject1.csproj", "{C7D1EEA1-E61A-4005-BCE2-98AE3A8502CE}"
EndProject
Global
	GlobalSection(SolutionConfigurationPlatforms) = preSolution
		Debug|Any CPU = Debug|Any CPU
		Release|Any CPU = Release|Any CPU
	EndGlobalSection
	GlobalSection(ProjectConfigurationPlatforms) = postSolution
		{530B9653-CBF1-4773-B3A9-711E5EE81DB0}.Debug|Any CPU.ActiveCfg = Debug|Any CPU
		{530B9653-CBF1-4773-B3A9-711E5EE81DB0}.Debug|Any CPU.Build.0 = Debug|Any CPU
		{530B9653-CBF1-4773-B3A9-711E5EE81DB0}.Release|Any CPU.ActiveCfg = Release|Any CPU
		{530B9653-CBF1-4773-B3A9-711E5EE81DB0}.Release|Any CPU.Build.0 = Release|Any CPU
		{C7D1EEA1-E61A-4005-BCE2-98AE3A8502CE}.Debug|Any CPU.ActiveCfg = Debug|Any CPU
		{C7D1EEA1-E61A-4005-BCE2-98AE3A8502CE}.Debug|Any CPU.Build.0 = Debug|Any CPU
		{C7D1EEA1-E61A-4005-BCE2-98AE3A8502CE}.Release|Any CPU.ActiveCfg = Release|Any CPU
		{C7D1EEA1-E61A-4005-BCE2-98AE3A8502CE}.Release|Any CPU.Build.0 = Release|Any CPU
	EndGlobalSection
	GlobalSection(SolutionProperties) = preSolution
		HideSolutionNode = FALSE
	EndGlobalSection
	GlobalSection(ExtensibilityGlobals) = postSolution
		SolutionGuid = {169FF0A2-4332-4C19-9491-5EA932D0A2A4}
	EndGlobalSection
EndGlobal
